// !$*UTF8*$!
{
	archiveVersion = 1;
	classes = {
	};
	objectVersion = 48;
	objects = {

/* Begin PBXBuildFile section */
		A21E28A81F939E7500F82E30 /* AppDelegate.swift in Sources */ = {isa = PBXBuildFile; fileRef = A21E28A71F939E7500F82E30 /* AppDelegate.swift */; };
		A21E28AD1F939E7500F82E30 /* Main.storyboard in Resources */ = {isa = PBXBuildFile; fileRef = A21E28AB1F939E7500F82E30 /* Main.storyboard */; };
		A21E28AF1F939E7500F82E30 /* Assets.xcassets in Resources */ = {isa = PBXBuildFile; fileRef = A21E28AE1F939E7500F82E30 /* Assets.xcassets */; };
		A21E28B21F939E7500F82E30 /* LaunchScreen.storyboard in Resources */ = {isa = PBXBuildFile; fileRef = A21E28B01F939E7500F82E30 /* LaunchScreen.storyboard */; };
		A21E28BA1F939EE200F82E30 /* ARViewController.swift in Sources */ = {isa = PBXBuildFile; fileRef = A21E28B91F939EE200F82E30 /* ARViewController.swift */; };
		A2B9E1151F945DBD006A1D4E /* art.scnassets in Resources */ = {isa = PBXBuildFile; fileRef = A2B9E1141F945DBD006A1D4E /* art.scnassets */; };
/* End PBXBuildFile section */

/* Begin PBXFileReference section */
		A21E28A41F939E7500F82E30 /* AR2Kit.app */ = {isa = PBXFileReference; explicitFileType = wrapper.application; includeInIndex = 0; path = AR2Kit.app; sourceTree = BUILT_PRODUCTS_DIR; };
		A21E28A71F939E7500F82E30 /* AppDelegate.swift */ = {isa = PBXFileReference; lastKnownFileType = sourcecode.swift; path = AppDelegate.swift; sourceTree = "<group>"; };
		A21E28AC1F939E7500F82E30 /* Base */ = {isa = PBXFileReference; lastKnownFileType = file.storyboard; name = Base; path = Base.lproj/Main.storyboard; sourceTree = "<group>"; };
		A21E28AE1F939E7500F82E30 /* Assets.xcassets */ = {isa = PBXFileReference; lastKnownFileType = folder.assetcatalog; path = Assets.xcassets; sourceTree = "<group>"; };
		A21E28B11F939E7500F82E30 /* Base */ = {isa = PBXFileReference; lastKnownFileType = file.storyboard; name = Base; path = Base.lproj/LaunchScreen.storyboard; sourceTree = "<group>"; };
		A21E28B31F939E7500F82E30 /* Info.plist */ = {isa = PBXFileReference; lastKnownFileType = text.plist.xml; path = Info.plist; sourceTree = "<group>"; };
		A21E28B91F939EE200F82E30 /* ARViewController.swift */ = {isa = PBXFileReference; fileEncoding = 4; lastKnownFileType = sourcecode.swift; path = ARViewController.swift; sourceTree = "<group>"; };
		A2B9E1141F945DBD006A1D4E /* art.scnassets */ = {isa = PBXFileReference; lastKnownFileType = wrapper.scnassets; path = art.scnassets; sourceTree = "<group>"; };
/* End PBXFileReference section */

/* Begin PBXFrameworksBuildPhase section */
		A21E28A11F939E7500F82E30 /* Frameworks */ = {
			isa = PBXFrameworksBuildPhase;
			buildActionMask = 2147483647;
			files = (
			);
			runOnlyForDeploymentPostprocessing = 0;
		};
/* End PBXFrameworksBuildPhase section */

/* Begin PBXGroup section */
		A21E289B1F939E7500F82E30 = {
			isa = PBXGroup;
			children = (
				A21E28A61F939E7500F82E30 /* AR2Kit */,
				A21E28A51F939E7500F82E30 /* Products */,
			);
			sourceTree = "<group>";
		};
		A21E28A51F939E7500F82E30 /* Products */ = {
			isa = PBXGroup;
			children = (
				A21E28A41F939E7500F82E30 /* AR2Kit.app */,
			);
			name = Products;
			sourceTree = "<group>";
		};
		A21E28A61F939E7500F82E30 /* AR2Kit */ = {
			isa = PBXGroup;
			children = (
				A2B9E1141F945DBD006A1D4E /* art.scnassets */,
				A21E28B91F939EE200F82E30 /* ARViewController.swift */,
				A21E28A71F939E7500F82E30 /* AppDelegate.swift */,
				A21E28AB1F939E7500F82E30 /* Main.storyboard */,
				A21E28AE1F939E7500F82E30 /* Assets.xcassets */,
				A21E28B01F939E7500F82E30 /* LaunchScreen.storyboard */,
				A21E28B31F939E7500F82E30 /* Info.plist */,
			);
			path = AR2Kit;
			sourceTree = "<group>";
		};
/* End PBXGroup section */

/* Begin PBXNativeTarget section */
		A21E28A31F939E7500F82E30 /* AR2Kit */ = {
			isa = PBXNativeTarget;
			buildConfigurationList = A21E28B61F939E7500F82E30 /* Build configuration list for PBXNativeTarget "AR2Kit" */;
			buildPhases = (
				A21E28A01F939E7500F82E30 /* Sources */,
				A21E28A11F939E7500F82E30 /* Frameworks */,
				A21E28A21F939E7500F82E30 /* Resources */,
			);
			buildRules = (
			);
			dependencies = (
			);
			name = AR2Kit;
			productName = AR2Kit;
			productReference = A21E28A41F939E7500F82E30 /* AR2Kit.app */;
			productType = "com.apple.product-type.application";
		};
/* End PBXNativeTarget section */

/* Begin PBXProject section */
		A21E289C1F939E7500F82E30 /* Project object */ = {
			isa = PBXProject;
			attributes = {
				LastSwiftUpdateCheck = 0900;
				LastUpgradeCheck = 0900;
				ORGANIZATIONNAME = popduorz;
				TargetAttributes = {
					A21E28A31F939E7500F82E30 = {
						CreatedOnToolsVersion = 9.0;
						ProvisioningStyle = Automatic;
					};
				};
			};
			buildConfigurationList = A21E289F1F939E7500F82E30 /* Build configuration list for PBXProject "AR2Kit" */;
			compatibilityVersion = "Xcode 8.0";
			developmentRegion = en;
			hasScannedForEncodings = 0;
			knownRegions = (
				en,
				Base,
			);
			mainGroup = A21E289B1F939E7500F82E30;
			productRefGroup = A21E28A51F939E7500F82E30 /* Products */;
			projectDirPath = "";
			projectRoot = "";
			targets = (
				A21E28A31F939E7500F82E30 /* AR2Kit */,
			);
		};
/* End PBXProject section */

/* Begin PBXResourcesBuildPhase section */
		A21E28A21F939E7500F82E30 /* Resources */ = {
			isa = PBXResourcesBuildPhase;
			buildActionMask = 2147483647;
			files = (
				A21E28B21F939E7500F82E30 /* LaunchScreen.storyboard in Resources */,
				A2B9E1151F945DBD006A1D4E /* art.scnassets in Resources */,
				A21E28AF1F939E7500F82E30 /* Assets.xcassets in Resources */,
				A21E28AD1F939E7500F82E30 /* Main.storyboard in Resources */,
			);
			runOnlyForDeploymentPostprocessing = 0;
		};
/* End PBXResourcesBuildPhase section */

/* Begin PBXSourcesBuildPhase section */
		A21E28A01F939E7500F82E30 /* Sources */ = {
			isa = PBXSourcesBuildPhase;
			buildActionMask = 2147483647;
			files = (
				A21E28A81F939E7500F82E30 /* AppDelegate.swift in Sources */,
				A21E28BA1F939EE200F82E30 /* ARViewController.swift in Sources */,
			);
			runOnlyForDeploymentPostprocessing = 0;
		};
/* End PBXSourcesBuildPhase section */

/* Begin PBXVariantGroup section */
		A21E28AB1F939E7500F82E30 /* Main.storyboard */ = {
			isa = PBXVariantGroup;
			children = (
				A21E28AC1F939E7500F82E30 /* Base */,
			);
			name = Main.storyboard;
			sourceTree = "<group>";
		};
		A21E28B01F939E7500F82E30 /* LaunchScreen.storyboard */ = {
			isa = PBXVariantGroup;
			children = (
				A21E28B11F939E7500F82E30 /* Base */,
			);
			name = LaunchScreen.storyboard;
			sourceTree = "<group>";
		};
/* End PBXVariantGroup section */

/* Begin XCBuildConfiguration section */
		A21E28B41F939E7500F82E30 /* Debug */ = {
			isa = XCBuildConfiguration;
			buildSettings = {
				ALWAYS_SEARCH_USER_PATHS = NO;
				CLANG_ANALYZER_NONNULL = YES;
				CLANG_ANALYZER_NUMBER_OBJECT_CONVERSION = YES_AGGRESSIVE;
				CLANG_CXX_LANGUAGE_STANDARD = "gnu++14";
				CLANG_CXX_LIBRARY = "libc++";
				CLANG_ENABLE_MODULES = YES;
				CLANG_ENABLE_OBJC_ARC = YES;
				CLANG_WARN_BLOCK_CAPTURE_AUTORELEASING = YES;
				CLANG_WARN_BOOL_CONVERSION = YES;
				CLANG_WARN_COMMA = YES;
				CLANG_WARN_CONSTANT_CONVERSION = YES;
				CLANG_WARN_DIRECT_OBJC_ISA_USAGE = YES_ERROR;
				CLANG_WARN_DOCUMENTATION_COMMENTS = YES;
				CLANG_WARN_EMPTY_BODY = YES;
				CLANG_WARN_ENUM_CONVERSION = YES;
				CLANG_WARN_INFINITE_RECURSION = YES;
				CLANG_WARN_INT_CONVERSION = YES;
				CLANG_WARN_NON_LITERAL_NULL_CONVERSION = YES;
				CLANG_WARN_OBJC_LITERAL_CONVERSION = YES;
				CLANG_WARN_OBJC_ROOT_CLASS = YES_ERROR;
				CLANG_WARN_RANGE_LOOP_ANALYSIS = YES;
				CLANG_WARN_STRICT_PROTOTYPES = YES;
				CLANG_WARN_SUSPICIOUS_MOVE = YES;
				CLANG_WARN_UNGUARDED_AVAILABILITY = YES_AGGRESSIVE;
				CLANG_WARN_UNREACHABLE_CODE = YES;
				CLANG_WARN__DUPLICATE_METHOD_MATCH = YES;
				CODE_SIGN_IDENTITY = "iPhone Developer";
				COPY_PHASE_STRIP = NO;
				DEBUG_INFORMATION_FORMAT = dwarf;
				ENABLE_STRICT_OBJC_MSGSEND = YES;
				ENABLE_TESTABILITY = YES;
				GCC_C_LANGUAGE_STANDARD = gnu11;
				GCC_DYNAMIC_NO_PIC = NO;
				GCC_NO_COMMON_BLOCKS = YES;
				GCC_OPTIMIZATION_LEVEL = 0;
				GCC_PREPROCESSOR_DEFINITIONS = (
					"DEBUG=1",
					"$(inherited)",
				);
				GCC_WARN_64_TO_32_BIT_CONVERSION = YES;
				GCC_WARN_ABOUT_RETURN_TYPE = YES_ERROR;
				GCC_WARN_UNDECLARED_SELECTOR = YES;
				GCC_WARN_UNINITIALIZED_AUTOS = YES_AGGRESSIVE;
				GCC_WARN_UNUSED_FUNCTION = YES;
				GCC_WARN_UNUSED_VARIABLE = YES;
				IPHONEOS_DEPLOYMENT_TARGET = 11.0;
				MTL_ENABLE_DEBUG_INFO = YES;
				ONLY_ACTIVE_ARCH = YES;
				SDKROOT = iphoneos;
				SWIFT_ACTIVE_COMPILATION_CONDITIONS = DEBUG;
				SWIFT_OPTIMIZATION_LEVEL = "-Onone";
			};
			name = Debug;
		};
		A21E28B51F939E7500F82E30 /* Release */ = {
			isa = XCBuildConfiguration;
			buildSettings = {
				ALWAYS_SEARCH_USER_PATHS = NO;
				CLANG_ANALYZER_NONNULL = YES;
				CLANG_ANALYZER_NUMBER_OBJECT_CONVERSION = YES_AGGRESSIVE;
				CLANG_CXX_LANGUAGE_STANDARD = "gnu++14";
				CLANG_CXX_LIBRARY = "libc++";
				CLANG_ENABLE_MODULES = YES;
				CLANG_ENABLE_OBJC_ARC = YES;
				CLANG_WARN_BLOCK_CAPTURE_AUTORELEASING = YES;
				CLANG_WARN_BOOL_CONVERSION = YES;
				CLANG_WARN_COMMA = YES;
				CLANG_WARN_CONSTANT_CONVERSION = YES;
				CLANG_WARN_DIRECT_OBJC_ISA_USAGE = YES_ERROR;
				CLANG_WARN_DOCUMENTATION_COMMENTS = YES;
				CLANG_WARN_EMPTY_BODY = YES;
				CLANG_WARN_ENUM_CONVERSION = YES;
				CLANG_WARN_INFINITE_RECURSION = YES;
				CLANG_WARN_INT_CONVERSION = YES;
				CLANG_WARN_NON_LITERAL_NULL_CONVERSION = YES;
				CLANG_WARN_OBJC_LITERAL_CONVERSION = YES;
				CLANG_WARN_OBJC_ROOT_CLASS = YES_ERROR;
				CLANG_WARN_RANGE_LOOP_ANALYSIS = YES;
				CLANG_WARN_STRICT_PROTOTYPES = YES;
				CLANG_WARN_SUSPICIOUS_MOVE = YES;
				CLANG_WARN_UNGUARDED_AVAILABILITY = YES_AGGRESSIVE;
				CLANG_WARN_UNREACHABLE_CODE = YES;
				CLANG_WARN__DUPLICATE_METHOD_MATCH = YES;
				CODE_SIGN_IDENTITY = "iPhone Developer";
				COPY_PHASE_STRIP = NO;
				DEBUG_INFORMATION_FORMAT = "dwarf-with-dsym";
				ENABLE_NS_ASSERTIONS = NO;
				ENABLE_STRICT_OBJC_MSGSEND = YES;
				GCC_C_LANGUAGE_STANDARD = gnu11;
				GCC_NO_COMMON_BLOCKS = YES;
				GCC_WARN_64_TO_32_BIT_CONVERSION = YES;
				GCC_WARN_ABOUT_RETURN_TYPE = YES_ERROR;
				GCC_WARN_UNDECLARED_SELECTOR = YES;
				GCC_WARN_UNINITIALIZED_AUTOS = YES_AGGRESSIVE;
				GCC_WARN_UNUSED_FUNCTION = YES;
				GCC_WARN_UNUSED_VARIABLE = YES;
				IPHONEOS_DEPLOYMENT_TARGET = 11.0;
				MTL_ENABLE_DEBUG_INFO = NO;
				SDKROOT = iphoneos;
				SWIFT_OPTIMIZATION_LEVEL = "-Owholemodule";
				VALIDATE_PRODUCT = YES;
			};
			name = Release;
		};
		A21E28B71F939E7500F82E30 /* Debug */ = {
			isa = XCBuildConfiguration;
			buildSettings = {
				ASSETCATALOG_COMPILER_APPICON_NAME = AppIcon;
				CODE_SIGN_STYLE = Automatic;
				DEVELOPMENT_TEAM = 4VJC9445D5;
				INFOPLIST_FILE = AR2Kit/Info.plist;
				LD_RUNPATH_SEARCH_PATHS = "$(inherited) @executable_path/Frameworks";
				PRODUCT_BUNDLE_IDENTIFIER = ordu.AR2Kit;
				PRODUCT_NAME = "$(TARGET_NAME)";
				SWIFT_VERSION = 4.0;
				TARGETED_DEVICE_FAMILY = "1,2";
			};
			name = Debug;
		};
		A21E28B81F939E7500F82E30 /* Release */ = {
			isa = XCBuildConfiguration;
			buildSettings = {
				ASSETCATALOG_COMPILER_APPICON_NAME = AppIcon;
				CODE_SIGN_STYLE = Automatic;
				DEVELOPMENT_TEAM = 4VJC9445D5;
				INFOPLIST_FILE = AR2Kit/Info.plist;
				LD_RUNPATH_SEARCH_PATHS = "$(inherited) @executable_path/Frameworks";
				PRODUCT_BUNDLE_IDENTIFIER = ordu.AR2Kit;
				PRODUCT_NAME = "$(TARGET_NAME)";
				SWIFT_VERSION = 4.0;
				TARGETED_DEVICE_FAMILY = "1,2";
			};
			name = Release;
		};
/* End XCBuildConfiguration section */

/* Begin XCConfigurationList section */
		A21E289F1F939E7500F82E30 /* Build configuration list for PBXProject "AR2Kit" */ = {
			isa = XCConfigurationList;
			buildConfigurations = (
				A21E28B41F939E7500F82E30 /* Debug */,
				A21E28B51F939E7500F82E30 /* Release */,
			);
			defaultConfigurationIsVisible = 0;
			defaultConfigurationName = Release;
		};
		A21E28B61F939E7500F82E30 /* Build configuration list for PBXNativeTarget "AR2Kit" */ = {
			isa = XCConfigurationList;
			buildConfigurations = (
				A21E28B71F939E7500F82E30 /* Debug */,
				A21E28B81F939E7500F82E30 /* Release */,
			);
			defaultConfigurationIsVisible = 0;
			defaultConfigurationName = Release;
		};
/* End XCConfigurationList section */
	};
	rootObject = A21E289C1F939E7500F82E30 /* Project object */;
}
